
Microsoft Visual Studio Solution File, Format Version 11.00
# Visual C++ Express 2010
Project("{8BC9CEB8-8B4A-11D0-8D11-00A0C91BC942}") = "Text4Ex13Project", "Text4Ex13Project\Text4Ex13Project.vcxproj", "{DBECE283-175A-497F-9764-E4B174C6F023}"
EndProject
Global
	GlobalSection(SolutionConfigurationPlatforms) = preSolution
		Debug|Win32 = Debug|Win32
		Release|Win32 = Release|Win32
	EndGlobalSection
	GlobalSection(ProjectConfigurationPlatforms) = postSolution
		{DBECE283-175A-497F-9764-E4B174C6F023}.Debug|Win32.ActiveCfg = Debug|Win32
		{DBECE283-175A-497F-9764-E4B174C6F023}.Debug|Win32.Build.0 = Debug|Win32
		{DBECE283-175A-497F-9764-E4B174C6F023}.Release|Win32.ActiveCfg = Release|Win32
		{DBECE283-175A-497F-9764-E4B174C6F023}.Release|Win32.Build.0 = Release|Win32
	EndGlobalSection
	GlobalSection(SolutionProperties) = preSolution
		HideSolutionNode = FALSE
	EndGlobalSection
EndGlobal
