
Microsoft Visual Studio Solution File, Format Version 11.00
# Visual C++ Express 2010
Project("{8BC9CEB8-8B4A-11D0-8D11-00A0C91BC942}") = "Chapter 4 Exercise 12 Project", "Chapter 4 Exercise 12 Project\Chapter 4 Exercise 12 Project.vcxproj", "{DDB82560-2FBF-490D-A949-1F0EF1F56638}"
EndProject
Global
	GlobalSection(SolutionConfigurationPlatforms) = preSolution
		Debug|Win32 = Debug|Win32
		Release|Win32 = Release|Win32
	EndGlobalSection
	GlobalSection(ProjectConfigurationPlatforms) = postSolution
		{DDB82560-2FBF-490D-A949-1F0EF1F56638}.Debug|Win32.ActiveCfg = Debug|Win32
		{DDB82560-2FBF-490D-A949-1F0EF1F56638}.Debug|Win32.Build.0 = Debug|Win32
		{DDB82560-2FBF-490D-A949-1F0EF1F56638}.Release|Win32.ActiveCfg = Release|Win32
		{DDB82560-2FBF-490D-A949-1F0EF1F56638}.Release|Win32.Build.0 = Release|Win32
	EndGlobalSection
	GlobalSection(SolutionProperties) = preSolution
		HideSolutionNode = FALSE
	EndGlobalSection
EndGlobal
