
Microsoft Visual Studio Solution File, Format Version 12.00
# Visual Studio 2013
VisualStudioVersion = 12.0.30501.0
MinimumVisualStudioVersion = 10.0.40219.1
Project("{8BC9CEB8-8B4A-11D0-8D11-00A0C91BC942}") = "Program4_Marti", "Program4_Marti\Program4_Marti.vcxproj", "{E49B3A02-68D5-4154-A609-55E57B7F171F}"
EndProject
Global
	GlobalSection(SolutionConfigurationPlatforms) = preSolution
		Debug|Win32 = Debug|Win32
		Release|Win32 = Release|Win32
	EndGlobalSection
	GlobalSection(ProjectConfigurationPlatforms) = postSolution
		{E49B3A02-68D5-4154-A609-55E57B7F171F}.Debug|Win32.ActiveCfg = Debug|Win32
		{E49B3A02-68D5-4154-A609-55E57B7F171F}.Debug|Win32.Build.0 = Debug|Win32
		{E49B3A02-68D5-4154-A609-55E57B7F171F}.Release|Win32.ActiveCfg = Release|Win32
		{E49B3A02-68D5-4154-A609-55E57B7F171F}.Release|Win32.Build.0 = Release|Win32
	EndGlobalSection
	GlobalSection(SolutionProperties) = preSolution
		HideSolutionNode = FALSE
	EndGlobalSection
EndGlobal
